Microsoft Visual Studio Solution File, Format Version 11.00
# Visual Studio 2008

Project("{DF50B45A-5363-D07E-8E01-A0D2EF3BC191}") = "AchtungRebooted", "Assembly-CSharp.csproj", "{E6060B01-5762-9DBC-329F-4F163CAA86D5}"
EndProject
Project("{DF50B45A-5363-D07E-8E01-A0D2EF3BC191}") = "AchtungRebooted", "Assembly-UnityScript.unityproj", "{B9142B9D-1A69-2E2B-22D2-3D2A428677CD}"
EndProject
Global
	GlobalSection(SolutionConfigurationPlatforms) = preSolution
		Debug|Any CPU = Debug|Any CPU
		Release|Any CPU = Release|Any CPU
	EndGlobalSection
	GlobalSection(ProjectConfigurationPlatforms) = postSolution
		{E6060B01-5762-9DBC-329F-4F163CAA86D5}.Debug|Any CPU.ActiveCfg = Debug|Any CPU
		{E6060B01-5762-9DBC-329F-4F163CAA86D5}.Debug|Any CPU.Build.0 = Debug|Any CPU
		{E6060B01-5762-9DBC-329F-4F163CAA86D5}.Release|Any CPU.ActiveCfg = Release|Any CPU
		{E6060B01-5762-9DBC-329F-4F163CAA86D5}.Release|Any CPU.Build.0 = Release|Any CPU
		{B9142B9D-1A69-2E2B-22D2-3D2A428677CD}.Debug|Any CPU.ActiveCfg = Debug|Any CPU
		{B9142B9D-1A69-2E2B-22D2-3D2A428677CD}.Debug|Any CPU.Build.0 = Debug|Any CPU
		{B9142B9D-1A69-2E2B-22D2-3D2A428677CD}.Release|Any CPU.ActiveCfg = Release|Any CPU
		{B9142B9D-1A69-2E2B-22D2-3D2A428677CD}.Release|Any CPU.Build.0 = Release|Any CPU
	EndGlobalSection
	GlobalSection(SolutionProperties) = preSolution
		HideSolutionNode = FALSE
	EndGlobalSection
						GlobalSection(MonoDevelopProperties) = preSolution
		StartupItem = Assembly-CSharp.csproj
		Policies = $0
		$0.TextStylePolicy = $1
		$1.inheritsSet = null
		$1.scope = text/x-csharp
		$0.CSharpFormattingPolicy = $2
		$2.inheritsSet = Mono
		$2.inheritsScope = text/x-csharp
		$2.scope = text/x-csharp
		$0.TextStylePolicy = $3
		$3.FileWidth = 120
		$3.TabWidth = 4
		$3.EolMarker = Unix
		$3.inheritsSet = Mono
		$3.inheritsScope = text/plain
		$3.scope = text/plain
	EndGlobalSection

EndGlobal
